
Microsoft Visual Studio Solution File, Format Version 12.00
# Visual Studio Version 16
VisualStudioVersion = 16.0.32126.315
MinimumVisualStudioVersion = 10.0.40219.1
Project("{FAE04EC0-301F-11D3-BF4B-00C04F79EFBC}") = "QueueGeneric", "QueueGeneric\QueueGeneric.csproj", "{58CD82C1-AC7A-4432-A44D-BAC3874041F0}"
EndProject
Global
	GlobalSection(SolutionConfigurationPlatforms) = preSolution
		Debug|Any CPU = Debug|Any CPU
		Release|Any CPU = Release|Any CPU
	EndGlobalSection
	GlobalSection(ProjectConfigurationPlatforms) = postSolution
		{58CD82C1-AC7A-4432-A44D-BAC3874041F0}.Debug|Any CPU.ActiveCfg = Debug|Any CPU
		{58CD82C1-AC7A-4432-A44D-BAC3874041F0}.Debug|Any CPU.Build.0 = Debug|Any CPU
		{58CD82C1-AC7A-4432-A44D-BAC3874041F0}.Release|Any CPU.ActiveCfg = Release|Any CPU
		{58CD82C1-AC7A-4432-A44D-BAC3874041F0}.Release|Any CPU.Build.0 = Release|Any CPU
	EndGlobalSection
	GlobalSection(SolutionProperties) = preSolution
		HideSolutionNode = FALSE
	EndGlobalSection
	GlobalSection(ExtensibilityGlobals) = postSolution
		SolutionGuid = {FA150E51-A0BD-4165-8E06-CAEFCB39DA92}
	EndGlobalSection
EndGlobal
