
Microsoft Visual Studio Solution File, Format Version 12.00
# Visual Studio Version 16
VisualStudioVersion = 16.0.32126.315
MinimumVisualStudioVersion = 10.0.40219.1
Project("{FAE04EC0-301F-11D3-BF4B-00C04F79EFBC}") = "DestructorExample", "DestructorExample\DestructorExample.csproj", "{512CB655-6FE4-40DF-93C3-A93E76CEDE9A}"
EndProject
Global
	GlobalSection(SolutionConfigurationPlatforms) = preSolution
		Debug|Any CPU = Debug|Any CPU
		Release|Any CPU = Release|Any CPU
	EndGlobalSection
	GlobalSection(ProjectConfigurationPlatforms) = postSolution
		{512CB655-6FE4-40DF-93C3-A93E76CEDE9A}.Debug|Any CPU.ActiveCfg = Debug|Any CPU
		{512CB655-6FE4-40DF-93C3-A93E76CEDE9A}.Debug|Any CPU.Build.0 = Debug|Any CPU
		{512CB655-6FE4-40DF-93C3-A93E76CEDE9A}.Release|Any CPU.ActiveCfg = Release|Any CPU
		{512CB655-6FE4-40DF-93C3-A93E76CEDE9A}.Release|Any CPU.Build.0 = Release|Any CPU
	EndGlobalSection
	GlobalSection(SolutionProperties) = preSolution
		HideSolutionNode = FALSE
	EndGlobalSection
	GlobalSection(ExtensibilityGlobals) = postSolution
		SolutionGuid = {BF109602-29AE-4F69-894C-27AA6E922102}
	EndGlobalSection
EndGlobal
