
Microsoft Visual Studio Solution File, Format Version 12.00
# Visual Studio Version 16
VisualStudioVersion = 16.0.32126.315
MinimumVisualStudioVersion = 10.0.40219.1
Project("{FAE04EC0-301F-11D3-BF4B-00C04F79EFBC}") = "LearningC", "LearningC\LearningC.csproj", "{3DA4121F-DB38-4C57-AD24-F69084E1CDBF}"
EndProject
Global
	GlobalSection(SolutionConfigurationPlatforms) = preSolution
		Debug|Any CPU = Debug|Any CPU
		Release|Any CPU = Release|Any CPU
	EndGlobalSection
	GlobalSection(ProjectConfigurationPlatforms) = postSolution
		{3DA4121F-DB38-4C57-AD24-F69084E1CDBF}.Debug|Any CPU.ActiveCfg = Debug|Any CPU
		{3DA4121F-DB38-4C57-AD24-F69084E1CDBF}.Debug|Any CPU.Build.0 = Debug|Any CPU
		{3DA4121F-DB38-4C57-AD24-F69084E1CDBF}.Release|Any CPU.ActiveCfg = Release|Any CPU
		{3DA4121F-DB38-4C57-AD24-F69084E1CDBF}.Release|Any CPU.Build.0 = Release|Any CPU
	EndGlobalSection
	GlobalSection(SolutionProperties) = preSolution
		HideSolutionNode = FALSE
	EndGlobalSection
	GlobalSection(ExtensibilityGlobals) = postSolution
		SolutionGuid = {85B13545-342D-49A0-B95E-1B7635CC43F8}
	EndGlobalSection
EndGlobal
